
Microsoft Visual Studio Solution File, Format Version 12.00
# Visual Studio Version 17
VisualStudioVersion = 17.4.33213.308
MinimumVisualStudioVersion = 10.0.40219.1
Project("{FAE04EC0-301F-11D3-BF4B-00C04F79EFBC}") = "Amigos.Domain", "Amigos.Domain\Amigos.Domain.csproj", "{4B01A85E-87DB-4D60-A2A6-123CBC4763DC}"
EndProject
Project("{FAE04EC0-301F-11D3-BF4B-00C04F79EFBC}") = "Amigos.Data", "Amigos.Data\Amigos.Data.csproj", "{C859C399-A363-44FD-A6E1-CA20621EA16E}"
EndProject
Project("{FAE04EC0-301F-11D3-BF4B-00C04F79EFBC}") = "Amigos.Application", "Amigos.Application\Amigos.Application.csproj", "{D81F67FD-F1D5-4179-A5B9-7442F891DC8A}"
EndProject
Project("{FAE04EC0-301F-11D3-BF4B-00C04F79EFBC}") = "Web", "Web\Web.csproj", "{57C33D62-4630-40AC-9450-B0D4CE569E90}"
EndProject
Global
	GlobalSection(SolutionConfigurationPlatforms) = preSolution
		Debug|Any CPU = Debug|Any CPU
		Release|Any CPU = Release|Any CPU
	EndGlobalSection
	GlobalSection(ProjectConfigurationPlatforms) = postSolution
		{4B01A85E-87DB-4D60-A2A6-123CBC4763DC}.Debug|Any CPU.ActiveCfg = Debug|Any CPU
		{4B01A85E-87DB-4D60-A2A6-123CBC4763DC}.Debug|Any CPU.Build.0 = Debug|Any CPU
		{4B01A85E-87DB-4D60-A2A6-123CBC4763DC}.Release|Any CPU.ActiveCfg = Release|Any CPU
		{4B01A85E-87DB-4D60-A2A6-123CBC4763DC}.Release|Any CPU.Build.0 = Release|Any CPU
		{C859C399-A363-44FD-A6E1-CA20621EA16E}.Debug|Any CPU.ActiveCfg = Debug|Any CPU
		{C859C399-A363-44FD-A6E1-CA20621EA16E}.Debug|Any CPU.Build.0 = Debug|Any CPU
		{C859C399-A363-44FD-A6E1-CA20621EA16E}.Release|Any CPU.ActiveCfg = Release|Any CPU
		{C859C399-A363-44FD-A6E1-CA20621EA16E}.Release|Any CPU.Build.0 = Release|Any CPU
		{D81F67FD-F1D5-4179-A5B9-7442F891DC8A}.Debug|Any CPU.ActiveCfg = Debug|Any CPU
		{D81F67FD-F1D5-4179-A5B9-7442F891DC8A}.Debug|Any CPU.Build.0 = Debug|Any CPU
		{D81F67FD-F1D5-4179-A5B9-7442F891DC8A}.Release|Any CPU.ActiveCfg = Release|Any CPU
		{D81F67FD-F1D5-4179-A5B9-7442F891DC8A}.Release|Any CPU.Build.0 = Release|Any CPU
		{57C33D62-4630-40AC-9450-B0D4CE569E90}.Debug|Any CPU.ActiveCfg = Debug|Any CPU
		{57C33D62-4630-40AC-9450-B0D4CE569E90}.Debug|Any CPU.Build.0 = Debug|Any CPU
		{57C33D62-4630-40AC-9450-B0D4CE569E90}.Release|Any CPU.ActiveCfg = Release|Any CPU
		{57C33D62-4630-40AC-9450-B0D4CE569E90}.Release|Any CPU.Build.0 = Release|Any CPU
	EndGlobalSection
	GlobalSection(SolutionProperties) = preSolution
		HideSolutionNode = FALSE
	EndGlobalSection
	GlobalSection(ExtensibilityGlobals) = postSolution
		SolutionGuid = {9A36BE3A-EE95-4547-A219-150BB83FF582}
	EndGlobalSection
EndGlobal
